{
  "name": "Liviewm",
  "requires": true,
  "lockfileVersion": 1,
  "dependencies": {
    "livephotoskit": {
      "version": "1.5.2",
      "resolved": "https://registry.npmjs.org/livephotoskit/-/livephotoskit-1.5.2.tgz",
      "integrity": "sha512-dXV04KbQKjcUa2Bkqgh3k9MUeutg4gDFY3nuKtvAejXhdmAqhi4+1GnYfI8pi5CIJVrsZlfTga8uWBaiYbduQw==",
      "dev": true
    }
  }
}
